
Microsoft Visual Studio Solution File, Format Version 9.00
# Visual Studio 2005
Project("{FAE04EC0-301F-11D3-BF4B-00C04F79EFBC}") = "BankSystem", "BankSystem\BankSystem.csproj", "{39EF5259-2BA0-4117-972F-D2C7F8C3F27A}"
EndProject
Global
	GlobalSection(SolutionConfigurationPlatforms) = preSolution
		Debug|Any CPU = Debug|Any CPU
		Release|Any CPU = Release|Any CPU
	EndGlobalSection
	GlobalSection(ProjectConfigurationPlatforms) = postSolution
		{39EF5259-2BA0-4117-972F-D2C7F8C3F27A}.Debug|Any CPU.ActiveCfg = Debug|Any CPU
		{39EF5259-2BA0-4117-972F-D2C7F8C3F27A}.Debug|Any CPU.Build.0 = Debug|Any CPU
		{39EF5259-2BA0-4117-972F-D2C7F8C3F27A}.Release|Any CPU.ActiveCfg = Release|Any CPU
		{39EF5259-2BA0-4117-972F-D2C7F8C3F27A}.Release|Any CPU.Build.0 = Release|Any CPU
	EndGlobalSection
	GlobalSection(SolutionProperties) = preSolution
		HideSolutionNode = FALSE
	EndGlobalSection
EndGlobal
