
Microsoft Visual Studio Solution File, Format Version 10.00
# Visual Studio 2008
Project("{8BC9CEB8-8B4A-11D0-8D11-00A0C91BC942}") = "MazeGenerator", "MazeGenerator\MazeGenerator.vcproj", "{1A7A0ADE-48FF-4A8C-AB5F-94CD8C73EEC5}"
EndProject
Global
	GlobalSection(SolutionConfigurationPlatforms) = preSolution
		Debug|Win32 = Debug|Win32
		Release|Win32 = Release|Win32
	EndGlobalSection
	GlobalSection(ProjectConfigurationPlatforms) = postSolution
		{1A7A0ADE-48FF-4A8C-AB5F-94CD8C73EEC5}.Debug|Win32.ActiveCfg = Debug|Win32
		{1A7A0ADE-48FF-4A8C-AB5F-94CD8C73EEC5}.Debug|Win32.Build.0 = Debug|Win32
		{1A7A0ADE-48FF-4A8C-AB5F-94CD8C73EEC5}.Release|Win32.ActiveCfg = Release|Win32
		{1A7A0ADE-48FF-4A8C-AB5F-94CD8C73EEC5}.Release|Win32.Build.0 = Release|Win32
	EndGlobalSection
	GlobalSection(SolutionProperties) = preSolution
		HideSolutionNode = FALSE
	EndGlobalSection
EndGlobal
