
Microsoft Visual Studio Solution File, Format Version 10.00
# Visual Studio 2008
Project("{8BC9CEB8-8B4A-11D0-8D11-00A0C91BC942}") = "download Test", "download Test.vcproj", "{3C1D2277-26C8-4BAE-AD96-3C343E8F81AC}"
EndProject
Global
	GlobalSection(SolutionConfigurationPlatforms) = preSolution
		Debug|Win32 = Debug|Win32
		Release|Win32 = Release|Win32
	EndGlobalSection
	GlobalSection(ProjectConfigurationPlatforms) = postSolution
		{3C1D2277-26C8-4BAE-AD96-3C343E8F81AC}.Debug|Win32.ActiveCfg = Debug|Win32
		{3C1D2277-26C8-4BAE-AD96-3C343E8F81AC}.Debug|Win32.Build.0 = Debug|Win32
		{3C1D2277-26C8-4BAE-AD96-3C343E8F81AC}.Release|Win32.ActiveCfg = Release|Win32
		{3C1D2277-26C8-4BAE-AD96-3C343E8F81AC}.Release|Win32.Build.0 = Release|Win32
	EndGlobalSection
	GlobalSection(SolutionProperties) = preSolution
		HideSolutionNode = FALSE
	EndGlobalSection
EndGlobal
